
Microsoft Visual Studio Solution File, Format Version 12.00
# Visual Studio Version 16
VisualStudioVersion = 16.0.31515.178
MinimumVisualStudioVersion = 10.0.40219.1
Project("{FAE04EC0-301F-11D3-BF4B-00C04F79EFBC}") = "SimpleProject_server_api", "SimpleProject_server_api.csproj", "{456332CC-F9F7-4902-A5FA-382BEB86BA71}"
EndProject
Global
	GlobalSection(SolutionConfigurationPlatforms) = preSolution
		Debug|Any CPU = Debug|Any CPU
		Release|Any CPU = Release|Any CPU
	EndGlobalSection
	GlobalSection(ProjectConfigurationPlatforms) = postSolution
		{456332CC-F9F7-4902-A5FA-382BEB86BA71}.Debug|Any CPU.ActiveCfg = Debug|Any CPU
		{456332CC-F9F7-4902-A5FA-382BEB86BA71}.Debug|Any CPU.Build.0 = Debug|Any CPU
		{456332CC-F9F7-4902-A5FA-382BEB86BA71}.Release|Any CPU.ActiveCfg = Release|Any CPU
		{456332CC-F9F7-4902-A5FA-382BEB86BA71}.Release|Any CPU.Build.0 = Release|Any CPU
	EndGlobalSection
	GlobalSection(SolutionProperties) = preSolution
		HideSolutionNode = FALSE
	EndGlobalSection
	GlobalSection(ExtensibilityGlobals) = postSolution
		SolutionGuid = {0B32B697-2A75-49E0-9102-AD6B0E27263F}
	EndGlobalSection
EndGlobal
